
Microsoft Visual Studio Solution File, Format Version 12.00
# Visual Studio Version 16
VisualStudioVersion = 16.0.31729.503
MinimumVisualStudioVersion = 10.0.40219.1
Project("{FAE04EC0-301F-11D3-BF4B-00C04F79EFBC}") = "CSharpBasics", "CSharpBasics\CSharpBasics.csproj", "{36582CC1-B5C9-4C68-8580-2766D0BDD897}"
EndProject
Global
	GlobalSection(SolutionConfigurationPlatforms) = preSolution
		Debug|Any CPU = Debug|Any CPU
		Release|Any CPU = Release|Any CPU
	EndGlobalSection
	GlobalSection(ProjectConfigurationPlatforms) = postSolution
		{36582CC1-B5C9-4C68-8580-2766D0BDD897}.Debug|Any CPU.ActiveCfg = Debug|Any CPU
		{36582CC1-B5C9-4C68-8580-2766D0BDD897}.Debug|Any CPU.Build.0 = Debug|Any CPU
		{36582CC1-B5C9-4C68-8580-2766D0BDD897}.Release|Any CPU.ActiveCfg = Release|Any CPU
		{36582CC1-B5C9-4C68-8580-2766D0BDD897}.Release|Any CPU.Build.0 = Release|Any CPU
	EndGlobalSection
	GlobalSection(SolutionProperties) = preSolution
		HideSolutionNode = FALSE
	EndGlobalSection
	GlobalSection(ExtensibilityGlobals) = postSolution
		SolutionGuid = {07F73A8B-0888-45CD-8F97-C2FCB867EE81}
	EndGlobalSection
EndGlobal
